
Microsoft Visual Studio Solution File, Format Version 12.00
# Visual Studio Version 17
VisualStudioVersion = 17.3.32901.215
MinimumVisualStudioVersion = 10.0.40219.1
Project("{FAE04EC0-301F-11D3-BF4B-00C04F79EFBC}") = "function", "function\function.csproj", "{44433CD1-EB6D-4E3E-885A-507544825245}"
EndProject
Global
	GlobalSection(SolutionConfigurationPlatforms) = preSolution
		Debug|Any CPU = Debug|Any CPU
		Release|Any CPU = Release|Any CPU
	EndGlobalSection
	GlobalSection(ProjectConfigurationPlatforms) = postSolution
		{44433CD1-EB6D-4E3E-885A-507544825245}.Debug|Any CPU.ActiveCfg = Debug|Any CPU
		{44433CD1-EB6D-4E3E-885A-507544825245}.Debug|Any CPU.Build.0 = Debug|Any CPU
		{44433CD1-EB6D-4E3E-885A-507544825245}.Release|Any CPU.ActiveCfg = Release|Any CPU
		{44433CD1-EB6D-4E3E-885A-507544825245}.Release|Any CPU.Build.0 = Release|Any CPU
	EndGlobalSection
	GlobalSection(SolutionProperties) = preSolution
		HideSolutionNode = FALSE
	EndGlobalSection
	GlobalSection(ExtensibilityGlobals) = postSolution
		SolutionGuid = {CFA6071A-9DF8-4FC2-AE10-878B50B7EBDA}
	EndGlobalSection
EndGlobal
